Microsoft Visual Studio Solution File, Format Version 11.00
# Visual Studio 2010
Project("{2150E333-8FDC-42A3-9474-1A3956D46DE8}") = "Solution Items", "Solution Items", "{936F8079-8AE8-4F7A-921C-9E44920F4B9E}"
	ProjectSection(SolutionItems) = preProject
		GenericParsing.vsmdi = GenericParsing.vsmdi
		localtestrun.testrunconfig = localtestrun.testrunconfig
		SolutionVersionInfo.cs = SolutionVersionInfo.cs
	EndProjectSection
EndProject
Project("{FAE04EC0-301F-11D3-BF4B-00C04F79EFBC}") = "GenericParsing.UnitTests", "UnitTests\GenericParsing.UnitTests.csproj", "{2F6733F8-0E19-417D-B665-1C9947371AA8}"
EndProject
Project("{FAE04EC0-301F-11D3-BF4B-00C04F79EFBC}") = "GenericParsing.PerformanceTests", "PerformanceTests\GenericParsing.PerformanceTests.csproj", "{28A4801F-B624-4AED-9765-B172203EB188}"
EndProject
Project("{FAE04EC0-301F-11D3-BF4B-00C04F79EFBC}") = "GenericParsing", "GenericParsing\GenericParsing.csproj", "{ADD325F8-CBD9-43FE-850D-E2F34D736C9D}"
EndProject
Global
	GlobalSection(TestCaseManagementSettings) = postSolution
		CategoryFile = GenericParsing.vsmdi
	EndGlobalSection
	GlobalSection(SolutionConfigurationPlatforms) = preSolution
		Debug|Any CPU = Debug|Any CPU
		Release|Any CPU = Release|Any CPU
	EndGlobalSection
	GlobalSection(ProjectConfigurationPlatforms) = postSolution
		{2F6733F8-0E19-417D-B665-1C9947371AA8}.Debug|Any CPU.ActiveCfg = Debug|Any CPU
		{2F6733F8-0E19-417D-B665-1C9947371AA8}.Debug|Any CPU.Build.0 = Debug|Any CPU
		{2F6733F8-0E19-417D-B665-1C9947371AA8}.Release|Any CPU.ActiveCfg = Release|Any CPU
		{2F6733F8-0E19-417D-B665-1C9947371AA8}.Release|Any CPU.Build.0 = Release|Any CPU
		{28A4801F-B624-4AED-9765-B172203EB188}.Debug|Any CPU.ActiveCfg = Debug|Any CPU
		{28A4801F-B624-4AED-9765-B172203EB188}.Debug|Any CPU.Build.0 = Debug|Any CPU
		{28A4801F-B624-4AED-9765-B172203EB188}.Release|Any CPU.ActiveCfg = Release|Any CPU
		{28A4801F-B624-4AED-9765-B172203EB188}.Release|Any CPU.Build.0 = Release|Any CPU
		{ADD325F8-CBD9-43FE-850D-E2F34D736C9D}.Debug|Any CPU.ActiveCfg = Debug|Any CPU
		{ADD325F8-CBD9-43FE-850D-E2F34D736C9D}.Debug|Any CPU.Build.0 = Debug|Any CPU
		{ADD325F8-CBD9-43FE-850D-E2F34D736C9D}.Release|Any CPU.ActiveCfg = Release|Any CPU
		{ADD325F8-CBD9-43FE-850D-E2F34D736C9D}.Release|Any CPU.Build.0 = Release|Any CPU
	EndGlobalSection
	GlobalSection(SolutionProperties) = preSolution
		HideSolutionNode = FALSE
	EndGlobalSection
EndGlobal
